
Microsoft Visual Studio Solution File, Format Version 12.00
# Visual Studio 2013
VisualStudioVersion = 12.0.40629.0
MinimumVisualStudioVersion = 10.0.40219.1
Project("{FAE04EC0-301F-11D3-BF4B-00C04F79EFBC}") = "XMLCompare", "XMLCompare\XMLCompare.csproj", "{B5F28DBE-009C-4196-8717-019EABB63919}"
EndProject
Project("{FAE04EC0-301F-11D3-BF4B-00C04F79EFBC}") = "DAL", "DAL\DAL.csproj", "{9A64E403-A479-4B2B-B50B-C45D38F691A2}"
EndProject
Project("{FAE04EC0-301F-11D3-BF4B-00C04F79EFBC}") = "UnitTestProject1", "UnitTestProject1\UnitTestProject1.csproj", "{65E4B32D-4BA6-4388-9151-7B707B0A385F}"
EndProject
Global
	GlobalSection(SolutionConfigurationPlatforms) = preSolution
		Debug|Any CPU = Debug|Any CPU
		Release|Any CPU = Release|Any CPU
	EndGlobalSection
	GlobalSection(ProjectConfigurationPlatforms) = postSolution
		{B5F28DBE-009C-4196-8717-019EABB63919}.Debug|Any CPU.ActiveCfg = Debug|Any CPU
		{B5F28DBE-009C-4196-8717-019EABB63919}.Debug|Any CPU.Build.0 = Debug|Any CPU
		{B5F28DBE-009C-4196-8717-019EABB63919}.Release|Any CPU.ActiveCfg = Release|Any CPU
		{B5F28DBE-009C-4196-8717-019EABB63919}.Release|Any CPU.Build.0 = Release|Any CPU
		{9A64E403-A479-4B2B-B50B-C45D38F691A2}.Debug|Any CPU.ActiveCfg = Debug|Any CPU
		{9A64E403-A479-4B2B-B50B-C45D38F691A2}.Debug|Any CPU.Build.0 = Debug|Any CPU
		{9A64E403-A479-4B2B-B50B-C45D38F691A2}.Release|Any CPU.ActiveCfg = Release|Any CPU
		{9A64E403-A479-4B2B-B50B-C45D38F691A2}.Release|Any CPU.Build.0 = Release|Any CPU
		{65E4B32D-4BA6-4388-9151-7B707B0A385F}.Debug|Any CPU.ActiveCfg = Debug|Any CPU
		{65E4B32D-4BA6-4388-9151-7B707B0A385F}.Debug|Any CPU.Build.0 = Debug|Any CPU
		{65E4B32D-4BA6-4388-9151-7B707B0A385F}.Release|Any CPU.ActiveCfg = Release|Any CPU
		{65E4B32D-4BA6-4388-9151-7B707B0A385F}.Release|Any CPU.Build.0 = Release|Any CPU
	EndGlobalSection
	GlobalSection(SolutionProperties) = preSolution
		HideSolutionNode = FALSE
	EndGlobalSection
EndGlobal
