
Microsoft Visual Studio Solution File, Format Version 12.00
# Visual Studio 14
VisualStudioVersion = 14.0.25420.1
MinimumVisualStudioVersion = 10.0.40219.1
Project("{FAE04EC0-301F-11D3-BF4B-00C04F79EFBC}") = "ClientApplication", "ClientApplication\ClientApplication.csproj", "{E0FCD67E-DB94-4173-8E23-E98A3881803C}"
EndProject
Project("{54435603-DBB4-11D2-8724-00A0C9A8B90C}") = "ClientApplication_setup", "ClientApplication_setup\ClientApplication_setup.vdproj", "{96AECF89-70DE-4B35-9E7D-8FAD54404BEC}"
EndProject
Global
	GlobalSection(SolutionConfigurationPlatforms) = preSolution
		Debug|Any CPU = Debug|Any CPU
		Release|Any CPU = Release|Any CPU
	EndGlobalSection
	GlobalSection(ProjectConfigurationPlatforms) = postSolution
		{E0FCD67E-DB94-4173-8E23-E98A3881803C}.Debug|Any CPU.ActiveCfg = Debug|Any CPU
		{E0FCD67E-DB94-4173-8E23-E98A3881803C}.Debug|Any CPU.Build.0 = Debug|Any CPU
		{E0FCD67E-DB94-4173-8E23-E98A3881803C}.Release|Any CPU.ActiveCfg = Release|Any CPU
		{E0FCD67E-DB94-4173-8E23-E98A3881803C}.Release|Any CPU.Build.0 = Release|Any CPU
		{96AECF89-70DE-4B35-9E7D-8FAD54404BEC}.Debug|Any CPU.ActiveCfg = Debug
		{96AECF89-70DE-4B35-9E7D-8FAD54404BEC}.Release|Any CPU.ActiveCfg = Release
	EndGlobalSection
	GlobalSection(SolutionProperties) = preSolution
		HideSolutionNode = FALSE
	EndGlobalSection
EndGlobal
