
Microsoft Visual Studio Solution File, Format Version 12.00
# Visual Studio Express 2012 for Web
Project("{FAE04EC0-301F-11D3-BF4B-00C04F79EFBC}") = "FarmeronAplikacija", "FarmeronAplikacija\FarmeronAplikacija.csproj", "{02B1DAE8-BBC9-4EDC-BE60-110BA7572666}"
EndProject
Project("{FAE04EC0-301F-11D3-BF4B-00C04F79EFBC}") = "DAL", "DAL\DAL.csproj", "{E5E632E7-67D8-4F52-9933-72F5DD85F525}"
EndProject
Project("{FAE04EC0-301F-11D3-BF4B-00C04F79EFBC}") = "BLL", "BLL\BLL.csproj", "{342D85B3-5275-4A6E-97CD-DDD50ACB14CE}"
EndProject
Global
	GlobalSection(SolutionConfigurationPlatforms) = preSolution
		Debug|Any CPU = Debug|Any CPU
		Release|Any CPU = Release|Any CPU
	EndGlobalSection
	GlobalSection(ProjectConfigurationPlatforms) = postSolution
		{02B1DAE8-BBC9-4EDC-BE60-110BA7572666}.Debug|Any CPU.ActiveCfg = Debug|Any CPU
		{02B1DAE8-BBC9-4EDC-BE60-110BA7572666}.Debug|Any CPU.Build.0 = Debug|Any CPU
		{02B1DAE8-BBC9-4EDC-BE60-110BA7572666}.Release|Any CPU.ActiveCfg = Release|Any CPU
		{02B1DAE8-BBC9-4EDC-BE60-110BA7572666}.Release|Any CPU.Build.0 = Release|Any CPU
		{E5E632E7-67D8-4F52-9933-72F5DD85F525}.Debug|Any CPU.ActiveCfg = Debug|Any CPU
		{E5E632E7-67D8-4F52-9933-72F5DD85F525}.Debug|Any CPU.Build.0 = Debug|Any CPU
		{E5E632E7-67D8-4F52-9933-72F5DD85F525}.Release|Any CPU.ActiveCfg = Release|Any CPU
		{E5E632E7-67D8-4F52-9933-72F5DD85F525}.Release|Any CPU.Build.0 = Release|Any CPU
		{342D85B3-5275-4A6E-97CD-DDD50ACB14CE}.Debug|Any CPU.ActiveCfg = Debug|Any CPU
		{342D85B3-5275-4A6E-97CD-DDD50ACB14CE}.Debug|Any CPU.Build.0 = Debug|Any CPU
		{342D85B3-5275-4A6E-97CD-DDD50ACB14CE}.Release|Any CPU.ActiveCfg = Release|Any CPU
		{342D85B3-5275-4A6E-97CD-DDD50ACB14CE}.Release|Any CPU.Build.0 = Release|Any CPU
	EndGlobalSection
	GlobalSection(SolutionProperties) = preSolution
		HideSolutionNode = FALSE
	EndGlobalSection
EndGlobal
