
Microsoft Visual Studio Solution File, Format Version 12.00
# Visual Studio 15
VisualStudioVersion = 15.0.26730.16
MinimumVisualStudioVersion = 10.0.40219.1
Project("{FAE04EC0-301F-11D3-BF4B-00C04F79EFBC}") = "LoginKorisnika", "LoginKorisnika\LoginKorisnika.csproj", "{9728519A-A66F-4A44-B2BC-EC72468EAEB3}"
EndProject
Project("{FAE04EC0-301F-11D3-BF4B-00C04F79EFBC}") = "DAL", "DAL\DAL.csproj", "{0183D3F0-0E3F-40CB-8A71-ADD2EE070446}"
EndProject
Global
	GlobalSection(SolutionConfigurationPlatforms) = preSolution
		Debug|Any CPU = Debug|Any CPU
		Release|Any CPU = Release|Any CPU
	EndGlobalSection
	GlobalSection(ProjectConfigurationPlatforms) = postSolution
		{9728519A-A66F-4A44-B2BC-EC72468EAEB3}.Debug|Any CPU.ActiveCfg = Debug|Any CPU
		{9728519A-A66F-4A44-B2BC-EC72468EAEB3}.Debug|Any CPU.Build.0 = Debug|Any CPU
		{9728519A-A66F-4A44-B2BC-EC72468EAEB3}.Release|Any CPU.ActiveCfg = Release|Any CPU
		{9728519A-A66F-4A44-B2BC-EC72468EAEB3}.Release|Any CPU.Build.0 = Release|Any CPU
		{0183D3F0-0E3F-40CB-8A71-ADD2EE070446}.Debug|Any CPU.ActiveCfg = Debug|Any CPU
		{0183D3F0-0E3F-40CB-8A71-ADD2EE070446}.Debug|Any CPU.Build.0 = Debug|Any CPU
		{0183D3F0-0E3F-40CB-8A71-ADD2EE070446}.Release|Any CPU.ActiveCfg = Release|Any CPU
		{0183D3F0-0E3F-40CB-8A71-ADD2EE070446}.Release|Any CPU.Build.0 = Release|Any CPU
	EndGlobalSection
	GlobalSection(SolutionProperties) = preSolution
		HideSolutionNode = FALSE
	EndGlobalSection
	GlobalSection(ExtensibilityGlobals) = postSolution
		SolutionGuid = {3A4E7A9D-D801-48A5-8016-4F7FC5C3BC7B}
	EndGlobalSection
EndGlobal
